
Microsoft Visual Studio Solution File, Format Version 12.00
# Visual Studio Version 16
VisualStudioVersion = 16.0.30517.126
MinimumVisualStudioVersion = 10.0.40219.1
Project("{8BC9CEB8-8B4A-11D0-8D11-00A0C91BC942}") = "Problema 11", "Problema 11\Problema 11.vcxproj", "{61487B67-911F-4AE9-9D87-15A453C8DBA4}"
EndProject
Global
	GlobalSection(SolutionConfigurationPlatforms) = preSolution
		Debug|x64 = Debug|x64
		Debug|x86 = Debug|x86
		Release|x64 = Release|x64
		Release|x86 = Release|x86
	EndGlobalSection
	GlobalSection(ProjectConfigurationPlatforms) = postSolution
		{61487B67-911F-4AE9-9D87-15A453C8DBA4}.Debug|x64.ActiveCfg = Debug|x64
		{61487B67-911F-4AE9-9D87-15A453C8DBA4}.Debug|x64.Build.0 = Debug|x64
		{61487B67-911F-4AE9-9D87-15A453C8DBA4}.Debug|x86.ActiveCfg = Debug|Win32
		{61487B67-911F-4AE9-9D87-15A453C8DBA4}.Debug|x86.Build.0 = Debug|Win32
		{61487B67-911F-4AE9-9D87-15A453C8DBA4}.Release|x64.ActiveCfg = Release|x64
		{61487B67-911F-4AE9-9D87-15A453C8DBA4}.Release|x64.Build.0 = Release|x64
		{61487B67-911F-4AE9-9D87-15A453C8DBA4}.Release|x86.ActiveCfg = Release|Win32
		{61487B67-911F-4AE9-9D87-15A453C8DBA4}.Release|x86.Build.0 = Release|Win32
	EndGlobalSection
	GlobalSection(SolutionProperties) = preSolution
		HideSolutionNode = FALSE
	EndGlobalSection
	GlobalSection(ExtensibilityGlobals) = postSolution
		SolutionGuid = {970C81F0-A7C1-402F-A9BD-0B9AECB1067B}
	EndGlobalSection
EndGlobal
